// !$*UTF8*$!
{
	archiveVersion = 1;
	classes = {
	};
	objectVersion = 46;
	objects = {

/* Begin PBXBuildFile section */
		771F6D081F3BC6DE00AC9C72 /* AppDelegate.swift in Sources */ = {isa = PBXBuildFile; fileRef = 771F6D071F3BC6DE00AC9C72 /* AppDelegate.swift */; };
		771F6D0A1F3BC6DE00AC9C72 /* ViewController.swift in Sources */ = {isa = PBXBuildFile; fileRef = 771F6D091F3BC6DE00AC9C72 /* ViewController.swift */; };
		771F6D0D1F3BC6DE00AC9C72 /* Main.storyboard in Resources */ = {isa = PBXBuildFile; fileRef = 771F6D0B1F3BC6DE00AC9C72 /* Main.storyboard */; };
		771F6D0F1F3BC6DE00AC9C72 /* Assets.xcassets in Resources */ = {isa = PBXBuildFile; fileRef = 771F6D0E1F3BC6DE00AC9C72 /* Assets.xcassets */; };
		771F6D121F3BC6DE00AC9C72 /* LaunchScreen.storyboard in Resources */ = {isa = PBXBuildFile; fileRef = 771F6D101F3BC6DE00AC9C72 /* LaunchScreen.storyboard */; };
		771F6D1D1F3BC6DE00AC9C72 /* BaseProjectTests.swift in Sources */ = {isa = PBXBuildFile; fileRef = 771F6D1C1F3BC6DE00AC9C72 /* BaseProjectTests.swift */; };
		771F6D281F3BC6DE00AC9C72 /* BaseProjectUITests.swift in Sources */ = {isa = PBXBuildFile; fileRef = 771F6D271F3BC6DE00AC9C72 /* BaseProjectUITests.swift */; };
/* End PBXBuildFile section */

/* Begin PBXContainerItemProxy section */
		771F6D191F3BC6DE00AC9C72 /* PBXContainerItemProxy */ = {
			isa = PBXContainerItemProxy;
			containerPortal = 771F6CFC1F3BC6DE00AC9C72 /* Project object */;
			proxyType = 1;
			remoteGlobalIDString = 771F6D031F3BC6DE00AC9C72;
			remoteInfo = BaseProject;
		};
		771F6D241F3BC6DE00AC9C72 /* PBXContainerItemProxy */ = {
			isa = PBXContainerItemProxy;
			containerPortal = 771F6CFC1F3BC6DE00AC9C72 /* Project object */;
			proxyType = 1;
			remoteGlobalIDString = 771F6D031F3BC6DE00AC9C72;
			remoteInfo = BaseProject;
		};
/* End PBXContainerItemProxy section */

/* Begin PBXFileReference section */
		771F6D041F3BC6DE00AC9C72 /* BaseProject.app */ = {isa = PBXFileReference; explicitFileType = wrapper.application; includeInIndex = 0; path = BaseProject.app; sourceTree = BUILT_PRODUCTS_DIR; };
		771F6D071F3BC6DE00AC9C72 /* AppDelegate.swift */ = {isa = PBXFileReference; lastKnownFileType = sourcecode.swift; path = AppDelegate.swift; sourceTree = "<group>"; };
		771F6D091F3BC6DE00AC9C72 /* ViewController.swift */ = {isa = PBXFileReference; lastKnownFileType = sourcecode.swift; path = ViewController.swift; sourceTree = "<group>"; };
		771F6D0C1F3BC6DE00AC9C72 /* Base */ = {isa = PBXFileReference; lastKnownFileType = file.storyboard; name = Base; path = Base.lproj/Main.storyboard; sourceTree = "<group>"; };
		771F6D0E1F3BC6DE00AC9C72 /* Assets.xcassets */ = {isa = PBXFileReference; lastKnownFileType = folder.assetcatalog; path = Assets.xcassets; sourceTree = "<group>"; };
		771F6D111F3BC6DE00AC9C72 /* Base */ = {isa = PBXFileReference; lastKnownFileType = file.storyboard; name = Base; path = Base.lproj/LaunchScreen.storyboard; sourceTree = "<group>"; };
		771F6D131F3BC6DE00AC9C72 /* Info.plist */ = {isa = PBXFileReference; lastKnownFileType = text.plist.xml; path = Info.plist; sourceTree = "<group>"; };
		771F6D181F3BC6DE00AC9C72 /* BaseProjectTests.xctest */ = {isa = PBXFileReference; explicitFileType = wrapper.cfbundle; includeInIndex = 0; path = BaseProjectTests.xctest; sourceTree = BUILT_PRODUCTS_DIR; };
		771F6D1C1F3BC6DE00AC9C72 /* BaseProjectTests.swift */ = {isa = PBXFileReference; lastKnownFileType = sourcecode.swift; path = BaseProjectTests.swift; sourceTree = "<group>"; };
		771F6D1E1F3BC6DE00AC9C72 /* Info.plist */ = {isa = PBXFileReference; lastKnownFileType = text.plist.xml; path = Info.plist; sourceTree = "<group>"; };
		771F6D231F3BC6DE00AC9C72 /* BaseProjectUITests.xctest */ = {isa = PBXFileReference; explicitFileType = wrapper.cfbundle; includeInIndex = 0; path = BaseProjectUITests.xctest; sourceTree = BUILT_PRODUCTS_DIR; };
		771F6D271F3BC6DE00AC9C72 /* BaseProjectUITests.swift */ = {isa = PBXFileReference; lastKnownFileType = sourcecode.swift; path = BaseProjectUITests.swift; sourceTree = "<group>"; };
		771F6D291F3BC6DE00AC9C72 /* Info.plist */ = {isa = PBXFileReference; lastKnownFileType = text.plist.xml; path = Info.plist; sourceTree = "<group>"; };
/* End PBXFileReference section */

/* Begin PBXFrameworksBuildPhase section */
		771F6D011F3BC6DE00AC9C72 /* Frameworks */ = {
			isa = PBXFrameworksBuildPhase;
			buildActionMask = 2147483647;
			files = (
			);
			runOnlyForDeploymentPostprocessing = 0;
		};
		771F6D151F3BC6DE00AC9C72 /* Frameworks */ = {
			isa = PBXFrameworksBuildPhase;
			buildActionMask = 2147483647;
			files = (
			);
			runOnlyForDeploymentPostprocessing = 0;
		};
		771F6D201F3BC6DE00AC9C72 /* Frameworks */ = {
			isa = PBXFrameworksBuildPhase;
			buildActionMask = 2147483647;
			files = (
			);
			runOnlyForDeploymentPostprocessing = 0;
		};
/* End PBXFrameworksBuildPhase section */

/* Begin PBXGroup section */
		771F6CFB1F3BC6DE00AC9C72 = {
			isa = PBXGroup;
			children = (
				771F6D061F3BC6DE00AC9C72 /* BaseProject */,
				771F6D1B1F3BC6DE00AC9C72 /* BaseProjectTests */,
				771F6D261F3BC6DE00AC9C72 /* BaseProjectUITests */,
				771F6D051F3BC6DE00AC9C72 /* Products */,
			);
			sourceTree = "<group>";
		};
		771F6D051F3BC6DE00AC9C72 /* Products */ = {
			isa = PBXGroup;
			children = (
				771F6D041F3BC6DE00AC9C72 /* BaseProject.app */,
				771F6D181F3BC6DE00AC9C72 /* BaseProjectTests.xctest */,
				771F6D231F3BC6DE00AC9C72 /* BaseProjectUITests.xctest */,
			);
			name = Products;
			sourceTree = "<group>";
		};
		771F6D061F3BC6DE00AC9C72 /* BaseProject */ = {
			isa = PBXGroup;
			children = (
				771F6D071F3BC6DE00AC9C72 /* AppDelegate.swift */,
				771F6D091F3BC6DE00AC9C72 /* ViewController.swift */,
				771F6D0B1F3BC6DE00AC9C72 /* Main.storyboard */,
				771F6D0E1F3BC6DE00AC9C72 /* Assets.xcassets */,
				771F6D101F3BC6DE00AC9C72 /* LaunchScreen.storyboard */,
				771F6D131F3BC6DE00AC9C72 /* Info.plist */,
			);
			path = BaseProject;
			sourceTree = "<group>";
		};
		771F6D1B1F3BC6DE00AC9C72 /* BaseProjectTests */ = {
			isa = PBXGroup;
			children = (
				771F6D1C1F3BC6DE00AC9C72 /* BaseProjectTests.swift */,
				771F6D1E1F3BC6DE00AC9C72 /* Info.plist */,
			);
			path = BaseProjectTests;
			sourceTree = "<group>";
		};
		771F6D261F3BC6DE00AC9C72 /* BaseProjectUITests */ = {
			isa = PBXGroup;
			children = (
				771F6D271F3BC6DE00AC9C72 /* BaseProjectUITests.swift */,
				771F6D291F3BC6DE00AC9C72 /* Info.plist */,
			);
			path = BaseProjectUITests;
			sourceTree = "<group>";
		};
/* End PBXGroup section */

/* Begin PBXNativeTarget section */
		771F6D031F3BC6DE00AC9C72 /* BaseProject */ = {
			isa = PBXNativeTarget;
			buildConfigurationList = 771F6D2C1F3BC6DE00AC9C72 /* Build configuration list for PBXNativeTarget "BaseProject" */;
			buildPhases = (
				771F6D001F3BC6DE00AC9C72 /* Sources */,
				771F6D011F3BC6DE00AC9C72 /* Frameworks */,
				771F6D021F3BC6DE00AC9C72 /* Resources */,
			);
			buildRules = (
			);
			dependencies = (
			);
			name = BaseProject;
			productName = BaseProject;
			productReference = 771F6D041F3BC6DE00AC9C72 /* BaseProject.app */;
			productType = "com.apple.product-type.application";
		};
		771F6D171F3BC6DE00AC9C72 /* BaseProjectTests */ = {
			isa = PBXNativeTarget;
			buildConfigurationList = 771F6D2F1F3BC6DE00AC9C72 /* Build configuration list for PBXNativeTarget "BaseProjectTests" */;
			buildPhases = (
				771F6D141F3BC6DE00AC9C72 /* Sources */,
				771F6D151F3BC6DE00AC9C72 /* Frameworks */,
				771F6D161F3BC6DE00AC9C72 /* Resources */,
			);
			buildRules = (
			);
			dependencies = (
				771F6D1A1F3BC6DE00AC9C72 /* PBXTargetDependency */,
			);
			name = BaseProjectTests;
			productName = BaseProjectTests;
			productReference = 771F6D181F3BC6DE00AC9C72 /* BaseProjectTests.xctest */;
			productType = "com.apple.product-type.bundle.unit-test";
		};
		771F6D221F3BC6DE00AC9C72 /* BaseProjectUITests */ = {
			isa = PBXNativeTarget;
			buildConfigurationList = 771F6D321F3BC6DE00AC9C72 /* Build configuration list for PBXNativeTarget "BaseProjectUITests" */;
			buildPhases = (
				771F6D1F1F3BC6DE00AC9C72 /* Sources */,
				771F6D201F3BC6DE00AC9C72 /* Frameworks */,
				771F6D211F3BC6DE00AC9C72 /* Resources */,
			);
			buildRules = (
			);
			dependencies = (
				771F6D251F3BC6DE00AC9C72 /* PBXTargetDependency */,
			);
			name = BaseProjectUITests;
			productName = BaseProjectUITests;
			productReference = 771F6D231F3BC6DE00AC9C72 /* BaseProjectUITests.xctest */;
			productType = "com.apple.product-type.bundle.ui-testing";
		};
/* End PBXNativeTarget section */

/* Begin PBXProject section */
		771F6CFC1F3BC6DE00AC9C72 /* Project object */ = {
			isa = PBXProject;
			attributes = {
				LastSwiftUpdateCheck = 0830;
				LastUpgradeCheck = 0830;
				ORGANIZATIONNAME = "Waqas Ali";
				TargetAttributes = {
					771F6D031F3BC6DE00AC9C72 = {
						CreatedOnToolsVersion = 8.3;
						DevelopmentTeam = 5BQPMTLLF3;
						ProvisioningStyle = Automatic;
					};
					771F6D171F3BC6DE00AC9C72 = {
						CreatedOnToolsVersion = 8.3;
						DevelopmentTeam = 5BQPMTLLF3;
						ProvisioningStyle = Automatic;
						TestTargetID = 771F6D031F3BC6DE00AC9C72;
					};
					771F6D221F3BC6DE00AC9C72 = {
						CreatedOnToolsVersion = 8.3;
						DevelopmentTeam = 5BQPMTLLF3;
						ProvisioningStyle = Automatic;
						TestTargetID = 771F6D031F3BC6DE00AC9C72;
					};
				};
			};
			buildConfigurationList = 771F6CFF1F3BC6DE00AC9C72 /* Build configuration list for PBXProject "BaseProject" */;
			compatibilityVersion = "Xcode 3.2";
			developmentRegion = English;
			hasScannedForEncodings = 0;
			knownRegions = (
				en,
				Base,
			);
			mainGroup = 771F6CFB1F3BC6DE00AC9C72;
			productRefGroup = 771F6D051F3BC6DE00AC9C72 /* Products */;
			projectDirPath = "";
			projectRoot = "";
			targets = (
				771F6D031F3BC6DE00AC9C72 /* BaseProject */,
				771F6D171F3BC6DE00AC9C72 /* BaseProjectTests */,
				771F6D221F3BC6DE00AC9C72 /* BaseProjectUITests */,
			);
		};
/* End PBXProject section */

/* Begin PBXResourcesBuildPhase section */
		771F6D021F3BC6DE00AC9C72 /* Resources */ = {
			isa = PBXResourcesBuildPhase;
			buildActionMask = 2147483647;
			files = (
				771F6D121F3BC6DE00AC9C72 /* LaunchScreen.storyboard in Resources */,
				771F6D0F1F3BC6DE00AC9C72 /* Assets.xcassets in Resources */,
				771F6D0D1F3BC6DE00AC9C72 /* Main.storyboard in Resources */,
			);
			runOnlyForDeploymentPostprocessing = 0;
		};
		771F6D161F3BC6DE00AC9C72 /* Resources */ = {
			isa = PBXResourcesBuildPhase;
			buildActionMask = 2147483647;
			files = (
			);
			runOnlyForDeploymentPostprocessing = 0;
		};
		771F6D211F3BC6DE00AC9C72 /* Resources */ = {
			isa = PBXResourcesBuildPhase;
			buildActionMask = 2147483647;
			files = (
			);
			runOnlyForDeploymentPostprocessing = 0;
		};
/* End PBXResourcesBuildPhase section */

/* Begin PBXSourcesBuildPhase section */
		771F6D001F3BC6DE00AC9C72 /* Sources */ = {
			isa = PBXSourcesBuildPhase;
			buildActionMask = 2147483647;
			files = (
				771F6D0A1F3BC6DE00AC9C72 /* ViewController.swift in Sources */,
				771F6D081F3BC6DE00AC9C72 /* AppDelegate.swift in Sources */,
			);
			runOnlyForDeploymentPostprocessing = 0;
		};
		771F6D141F3BC6DE00AC9C72 /* Sources */ = {
			isa = PBXSourcesBuildPhase;
			buildActionMask = 2147483647;
			files = (
				771F6D1D1F3BC6DE00AC9C72 /* BaseProjectTests.swift in Sources */,
			);
			runOnlyForDeploymentPostprocessing = 0;
		};
		771F6D1F1F3BC6DE00AC9C72 /* Sources */ = {
			isa = PBXSourcesBuildPhase;
			buildActionMask = 2147483647;
			files = (
				771F6D281F3BC6DE00AC9C72 /* BaseProjectUITests.swift in Sources */,
			);
			runOnlyForDeploymentPostprocessing = 0;
		};
/* End PBXSourcesBuildPhase section */

/* Begin PBXTargetDependency section */
		771F6D1A1F3BC6DE00AC9C72 /* PBXTargetDependency */ = {
			isa = PBXTargetDependency;
			target = 771F6D031F3BC6DE00AC9C72 /* BaseProject */;
			targetProxy = 771F6D191F3BC6DE00AC9C72 /* PBXContainerItemProxy */;
		};
		771F6D251F3BC6DE00AC9C72 /* PBXTargetDependency */ = {
			isa = PBXTargetDependency;
			target = 771F6D031F3BC6DE00AC9C72 /* BaseProject */;
			targetProxy = 771F6D241F3BC6DE00AC9C72 /* PBXContainerItemProxy */;
		};
/* End PBXTargetDependency section */

/* Begin PBXVariantGroup section */
		771F6D0B1F3BC6DE00AC9C72 /* Main.storyboard */ = {
			isa = PBXVariantGroup;
			children = (
				771F6D0C1F3BC6DE00AC9C72 /* Base */,
			);
			name = Main.storyboard;
			sourceTree = "<group>";
		};
		771F6D101F3BC6DE00AC9C72 /* LaunchScreen.storyboard */ = {
			isa = PBXVariantGroup;
			children = (
				771F6D111F3BC6DE00AC9C72 /* Base */,
			);
			name = LaunchScreen.storyboard;
			sourceTree = "<group>";
		};
/* End PBXVariantGroup section */

/* Begin XCBuildConfiguration section */
		771F6D2A1F3BC6DE00AC9C72 /* Debug */ = {
			isa = XCBuildConfiguration;
			buildSettings = {
				ALWAYS_SEARCH_USER_PATHS = NO;
				CLANG_ANALYZER_NONNULL = YES;
				CLANG_ANALYZER_NUMBER_OBJECT_CONVERSION = YES_AGGRESSIVE;
				CLANG_CXX_LANGUAGE_STANDARD = "gnu++0x";
				CLANG_CXX_LIBRARY = "libc++";
				CLANG_ENABLE_MODULES = YES;
				CLANG_ENABLE_OBJC_ARC = YES;
				CLANG_WARN_BOOL_CONVERSION = YES;
				CLANG_WARN_CONSTANT_CONVERSION = YES;
				CLANG_WARN_DIRECT_OBJC_ISA_USAGE = YES_ERROR;
				CLANG_WARN_DOCUMENTATION_COMMENTS = YES;
				CLANG_WARN_EMPTY_BODY = YES;
				CLANG_WARN_ENUM_CONVERSION = YES;
				CLANG_WARN_INFINITE_RECURSION = YES;
				CLANG_WARN_INT_CONVERSION = YES;
				CLANG_WARN_OBJC_ROOT_CLASS = YES_ERROR;
				CLANG_WARN_SUSPICIOUS_MOVE = YES;
				CLANG_WARN_UNREACHABLE_CODE = YES;
				CLANG_WARN__DUPLICATE_METHOD_MATCH = YES;
				"CODE_SIGN_IDENTITY[sdk=iphoneos*]" = "iPhone Developer";
				COPY_PHASE_STRIP = NO;
				DEBUG_INFORMATION_FORMAT = dwarf;
				ENABLE_STRICT_OBJC_MSGSEND = YES;
				ENABLE_TESTABILITY = YES;
				GCC_C_LANGUAGE_STANDARD = gnu99;
				GCC_DYNAMIC_NO_PIC = NO;
				GCC_NO_COMMON_BLOCKS = YES;
				GCC_OPTIMIZATION_LEVEL = 0;
				GCC_PREPROCESSOR_DEFINITIONS = (
					"DEBUG=1",
					"$(inherited)",
				);
				GCC_WARN_64_TO_32_BIT_CONVERSION = YES;
				GCC_WARN_ABOUT_RETURN_TYPE = YES_ERROR;
				GCC_WARN_UNDECLARED_SELECTOR = YES;
				GCC_WARN_UNINITIALIZED_AUTOS = YES_AGGRESSIVE;
				GCC_WARN_UNUSED_FUNCTION = YES;
				GCC_WARN_UNUSED_VARIABLE = YES;
				IPHONEOS_DEPLOYMENT_TARGET = 10.3;
				MTL_ENABLE_DEBUG_INFO = YES;
				ONLY_ACTIVE_ARCH = YES;
				SDKROOT = iphoneos;
				SWIFT_ACTIVE_COMPILATION_CONDITIONS = DEBUG;
				SWIFT_OPTIMIZATION_LEVEL = "-Onone";
				TARGETED_DEVICE_FAMILY = "1,2";
			};
			name = Debug;
		};
		771F6D2B1F3BC6DE00AC9C72 /* Release */ = {
			isa = XCBuildConfiguration;
			buildSettings = {
				ALWAYS_SEARCH_USER_PATHS = NO;
				CLANG_ANALYZER_NONNULL = YES;
				CLANG_ANALYZER_NUMBER_OBJECT_CONVERSION = YES_AGGRESSIVE;
				CLANG_CXX_LANGUAGE_STANDARD = "gnu++0x";
				CLANG_CXX_LIBRARY = "libc++";
				CLANG_ENABLE_MODULES = YES;
				CLANG_ENABLE_OBJC_ARC = YES;
				CLANG_WARN_BOOL_CONVERSION = YES;
				CLANG_WARN_CONSTANT_CONVERSION = YES;
				CLANG_WARN_DIRECT_OBJC_ISA_USAGE = YES_ERROR;
				CLANG_WARN_DOCUMENTATION_COMMENTS = YES;
				CLANG_WARN_EMPTY_BODY = YES;
				CLANG_WARN_ENUM_CONVERSION = YES;
				CLANG_WARN_INFINITE_RECURSION = YES;
				CLANG_WARN_INT_CONVERSION = YES;
				CLANG_WARN_OBJC_ROOT_CLASS = YES_ERROR;
				CLANG_WARN_SUSPICIOUS_MOVE = YES;
				CLANG_WARN_UNREACHABLE_CODE = YES;
				CLANG_WARN__DUPLICATE_METHOD_MATCH = YES;
				"CODE_SIGN_IDENTITY[sdk=iphoneos*]" = "iPhone Developer";
				COPY_PHASE_STRIP = NO;
				DEBUG_INFORMATION_FORMAT = "dwarf-with-dsym";
				ENABLE_NS_ASSERTIONS = NO;
				ENABLE_STRICT_OBJC_MSGSEND = YES;
				GCC_C_LANGUAGE_STANDARD = gnu99;
				GCC_NO_COMMON_BLOCKS = YES;
				GCC_WARN_64_TO_32_BIT_CONVERSION = YES;
				GCC_WARN_ABOUT_RETURN_TYPE = YES_ERROR;
				GCC_WARN_UNDECLARED_SELECTOR = YES;
				GCC_WARN_UNINITIALIZED_AUTOS = YES_AGGRESSIVE;
				GCC_WARN_UNUSED_FUNCTION = YES;
				GCC_WARN_UNUSED_VARIABLE = YES;
				IPHONEOS_DEPLOYMENT_TARGET = 10.3;
				MTL_ENABLE_DEBUG_INFO = NO;
				SDKROOT = iphoneos;
				SWIFT_OPTIMIZATION_LEVEL = "-Owholemodule";
				TARGETED_DEVICE_FAMILY = "1,2";
				VALIDATE_PRODUCT = YES;
			};
			name = Release;
		};
		771F6D2D1F3BC6DE00AC9C72 /* Debug */ = {
			isa = XCBuildConfiguration;
			buildSettings = {
				ASSETCATALOG_COMPILER_APPICON_NAME = AppIcon;
				DEVELOPMENT_TEAM = 5BQPMTLLF3;
				INFOPLIST_FILE = BaseProject/Info.plist;
				LD_RUNPATH_SEARCH_PATHS = "$(inherited) @executable_path/Frameworks";
				PRODUCT_BUNDLE_IDENTIFIER = com.Traffic.BaseProject;
				PRODUCT_NAME = "$(TARGET_NAME)";
				SWIFT_VERSION = 3.0;
			};
			name = Debug;
		};
		771F6D2E1F3BC6DE00AC9C72 /* Release */ = {
			isa = XCBuildConfiguration;
			buildSettings = {
				ASSETCATALOG_COMPILER_APPICON_NAME = AppIcon;
				DEVELOPMENT_TEAM = 5BQPMTLLF3;
				INFOPLIST_FILE = BaseProject/Info.plist;
				LD_RUNPATH_SEARCH_PATHS = "$(inherited) @executable_path/Frameworks";
				PRODUCT_BUNDLE_IDENTIFIER = com.Traffic.BaseProject;
				PRODUCT_NAME = "$(TARGET_NAME)";
				SWIFT_VERSION = 3.0;
			};
			name = Release;
		};
		771F6D301F3BC6DE00AC9C72 /* Debug */ = {
			isa = XCBuildConfiguration;
			buildSettings = {
				ALWAYS_EMBED_SWIFT_STANDARD_LIBRARIES = YES;
				BUNDLE_LOADER = "$(TEST_HOST)";
				DEVELOPMENT_TEAM = 5BQPMTLLF3;
				INFOPLIST_FILE = BaseProjectTests/Info.plist;
				LD_RUNPATH_SEARCH_PATHS = "$(inherited) @executable_path/Frameworks @loader_path/Frameworks";
				PRODUCT_BUNDLE_IDENTIFIER = com.Traffic.BaseProjectTests;
				PRODUCT_NAME = "$(TARGET_NAME)";
				SWIFT_VERSION = 3.0;
				TEST_HOST = "$(BUILT_PRODUCTS_DIR)/BaseProject.app/BaseProject";
			};
			name = Debug;
		};
		771F6D311F3BC6DE00AC9C72 /* Release */ = {
			isa = XCBuildConfiguration;
			buildSettings = {
				ALWAYS_EMBED_SWIFT_STANDARD_LIBRARIES = YES;
				BUNDLE_LOADER = "$(TEST_HOST)";
				DEVELOPMENT_TEAM = 5BQPMTLLF3;
				INFOPLIST_FILE = BaseProjectTests/Info.plist;
				LD_RUNPATH_SEARCH_PATHS = "$(inherited) @executable_path/Frameworks @loader_path/Frameworks";
				PRODUCT_BUNDLE_IDENTIFIER = com.Traffic.BaseProjectTests;
				PRODUCT_NAME = "$(TARGET_NAME)";
				SWIFT_VERSION = 3.0;
				TEST_HOST = "$(BUILT_PRODUCTS_DIR)/BaseProject.app/BaseProject";
			};
			name = Release;
		};
		771F6D331F3BC6DE00AC9C72 /* Debug */ = {
			isa = XCBuildConfiguration;
			buildSettings = {
				ALWAYS_EMBED_SWIFT_STANDARD_LIBRARIES = YES;
				DEVELOPMENT_TEAM = 5BQPMTLLF3;
				INFOPLIST_FILE = BaseProjectUITests/Info.plist;
				LD_RUNPATH_SEARCH_PATHS = "$(inherited) @executable_path/Frameworks @loader_path/Frameworks";
				PRODUCT_BUNDLE_IDENTIFIER = com.Traffic.BaseProjectUITests;
				PRODUCT_NAME = "$(TARGET_NAME)";
				SWIFT_VERSION = 3.0;
				TEST_TARGET_NAME = BaseProject;
			};
			name = Debug;
		};
		771F6D341F3BC6DE00AC9C72 /* Release */ = {
			isa = XCBuildConfiguration;
			buildSettings = {
				ALWAYS_EMBED_SWIFT_STANDARD_LIBRARIES = YES;
				DEVELOPMENT_TEAM = 5BQPMTLLF3;
				INFOPLIST_FILE = BaseProjectUITests/Info.plist;
				LD_RUNPATH_SEARCH_PATHS = "$(inherited) @executable_path/Frameworks @loader_path/Frameworks";
				PRODUCT_BUNDLE_IDENTIFIER = com.Traffic.BaseProjectUITests;
				PRODUCT_NAME = "$(TARGET_NAME)";
				SWIFT_VERSION = 3.0;
				TEST_TARGET_NAME = BaseProject;
			};
			name = Release;
		};
/* End XCBuildConfiguration section */

/* Begin XCConfigurationList section */
		771F6CFF1F3BC6DE00AC9C72 /* Build configuration list for PBXProject "BaseProject" */ = {
			isa = XCConfigurationList;
			buildConfigurations = (
				771F6D2A1F3BC6DE00AC9C72 /* Debug */,
				771F6D2B1F3BC6DE00AC9C72 /* Release */,
			);
			defaultConfigurationIsVisible = 0;
			defaultConfigurationName = Release;
		};
		771F6D2C1F3BC6DE00AC9C72 /* Build configuration list for PBXNativeTarget "BaseProject" */ = {
			isa = XCConfigurationList;
			buildConfigurations = (
				771F6D2D1F3BC6DE00AC9C72 /* Debug */,
				771F6D2E1F3BC6DE00AC9C72 /* Release */,
			);
			defaultConfigurationIsVisible = 0;
		};
		771F6D2F1F3BC6DE00AC9C72 /* Build configuration list for PBXNativeTarget "BaseProjectTests" */ = {
			isa = XCConfigurationList;
			buildConfigurations = (
				771F6D301F3BC6DE00AC9C72 /* Debug */,
				771F6D311F3BC6DE00AC9C72 /* Release */,
			);
			defaultConfigurationIsVisible = 0;
		};
		771F6D321F3BC6DE00AC9C72 /* Build configuration list for PBXNativeTarget "BaseProjectUITests" */ = {
			isa = XCConfigurationList;
			buildConfigurations = (
				771F6D331F3BC6DE00AC9C72 /* Debug */,
				771F6D341F3BC6DE00AC9C72 /* Release */,
			);
			defaultConfigurationIsVisible = 0;
		};
/* End XCConfigurationList section */
	};
	rootObject = 771F6CFC1F3BC6DE00AC9C72 /* Project object */;
}
